
Microsoft Visual Studio Solution File, Format Version 12.00
# Visual Studio Version 17
VisualStudioVersion = 17.10.35013.160
MinimumVisualStudioVersion = 10.0.40219.1
Project("{FAE04EC0-301F-11D3-BF4B-00C04F79EFBC}") = "Catalog.Api", "Catalog.Api\Catalog.Api.csproj", "{48E9AA92-7836-48D8-A780-DF107ED6E833}"
EndProject
Project("{FAE04EC0-301F-11D3-BF4B-00C04F79EFBC}") = "Catalog.Tests", "Catalog.Tests\Catalog.Tests.csproj", "{A5FC7267-56D1-4B95-9AC5-470C8BCAFDFC}"
EndProject
Global
	GlobalSection(SolutionConfigurationPlatforms) = preSolution
		Debug|Any CPU = Debug|Any CPU
		Release|Any CPU = Release|Any CPU
	EndGlobalSection
	GlobalSection(ProjectConfigurationPlatforms) = postSolution
		{48E9AA92-7836-48D8-A780-DF107ED6E833}.Debug|Any CPU.ActiveCfg = Debug|Any CPU
		{48E9AA92-7836-48D8-A780-DF107ED6E833}.Debug|Any CPU.Build.0 = Debug|Any CPU
		{48E9AA92-7836-48D8-A780-DF107ED6E833}.Release|Any CPU.ActiveCfg = Release|Any CPU
		{48E9AA92-7836-48D8-A780-DF107ED6E833}.Release|Any CPU.Build.0 = Release|Any CPU
		{A5FC7267-56D1-4B95-9AC5-470C8BCAFDFC}.Debug|Any CPU.ActiveCfg = Debug|Any CPU
		{A5FC7267-56D1-4B95-9AC5-470C8BCAFDFC}.Debug|Any CPU.Build.0 = Debug|Any CPU
		{A5FC7267-56D1-4B95-9AC5-470C8BCAFDFC}.Release|Any CPU.ActiveCfg = Release|Any CPU
		{A5FC7267-56D1-4B95-9AC5-470C8BCAFDFC}.Release|Any CPU.Build.0 = Release|Any CPU
	EndGlobalSection
	GlobalSection(SolutionProperties) = preSolution
		HideSolutionNode = FALSE
	EndGlobalSection
	GlobalSection(ExtensibilityGlobals) = postSolution
		SolutionGuid = {355A05DE-A6EB-4F77-9492-79A2A2453180}
	EndGlobalSection
EndGlobal
